
Microsoft Visual Studio Solution File, Format Version 12.00
# Visual Studio Version 17
VisualStudioVersion = 17.6.33829.357
MinimumVisualStudioVersion = 10.0.40219.1
Project("{FAE04EC0-301F-11D3-BF4B-00C04F79EFBC}") = "exam-slot11", "exam-slot11\exam-slot11.csproj", "{B4F78832-B630-40FE-AE73-784D3FD26F64}"
EndProject
Global
	GlobalSection(SolutionConfigurationPlatforms) = preSolution
		Debug|Any CPU = Debug|Any CPU
		Release|Any CPU = Release|Any CPU
	EndGlobalSection
	GlobalSection(ProjectConfigurationPlatforms) = postSolution
		{B4F78832-B630-40FE-AE73-784D3FD26F64}.Debug|Any CPU.ActiveCfg = Debug|Any CPU
		{B4F78832-B630-40FE-AE73-784D3FD26F64}.Debug|Any CPU.Build.0 = Debug|Any CPU
		{B4F78832-B630-40FE-AE73-784D3FD26F64}.Release|Any CPU.ActiveCfg = Release|Any CPU
		{B4F78832-B630-40FE-AE73-784D3FD26F64}.Release|Any CPU.Build.0 = Release|Any CPU
	EndGlobalSection
	GlobalSection(SolutionProperties) = preSolution
		HideSolutionNode = FALSE
	EndGlobalSection
	GlobalSection(ExtensibilityGlobals) = postSolution
		SolutionGuid = {96EC5F41-5FA3-44E9-925B-9CBD83A0BAA2}
	EndGlobalSection
EndGlobal
